
Microsoft Visual Studio Solution File, Format Version 12.00
# Visual Studio Version 16
VisualStudioVersion = 16.0.31424.327
MinimumVisualStudioVersion = 10.0.40219.1
Project("{FAE04EC0-301F-11D3-BF4B-00C04F79EFBC}") = "DadataApiProbe", "DadataApiProbe.csproj", "{62DB0C6D-9496-4872-BED1-C1F6EC602DF1}"
EndProject
Global
	GlobalSection(SolutionConfigurationPlatforms) = preSolution
		Debug|Any CPU = Debug|Any CPU
		Release|Any CPU = Release|Any CPU
	EndGlobalSection
	GlobalSection(ProjectConfigurationPlatforms) = postSolution
		{62DB0C6D-9496-4872-BED1-C1F6EC602DF1}.Debug|Any CPU.ActiveCfg = Debug|Any CPU
		{62DB0C6D-9496-4872-BED1-C1F6EC602DF1}.Debug|Any CPU.Build.0 = Debug|Any CPU
		{62DB0C6D-9496-4872-BED1-C1F6EC602DF1}.Release|Any CPU.ActiveCfg = Release|Any CPU
		{62DB0C6D-9496-4872-BED1-C1F6EC602DF1}.Release|Any CPU.Build.0 = Release|Any CPU
	EndGlobalSection
	GlobalSection(SolutionProperties) = preSolution
		HideSolutionNode = FALSE
	EndGlobalSection
	GlobalSection(ExtensibilityGlobals) = postSolution
		SolutionGuid = {C122F9C3-6E35-41FE-A3E7-87BA115EE1CD}
	EndGlobalSection
EndGlobal
